
Microsoft Visual Studio Solution File, Format Version 12.00
# Visual Studio Version 17
VisualStudioVersion = 17.14.37012.4 d17.14
MinimumVisualStudioVersion = 10.0.40219.1
Project("{FAE04EC0-301F-11D3-BF4B-00C04F79EFBC}") = "RShiftTools", "RShiftTools.csproj", "{542C1241-0070-4E51-9352-E25630FFE2B0}"
EndProject
Global
	GlobalSection(SolutionConfigurationPlatforms) = preSolution
		Debug|Any CPU = Debug|Any CPU
		Release|Any CPU = Release|Any CPU
	EndGlobalSection
	GlobalSection(ProjectConfigurationPlatforms) = postSolution
		{542C1241-0070-4E51-9352-E25630FFE2B0}.Debug|Any CPU.ActiveCfg = Debug|Any CPU
		{542C1241-0070-4E51-9352-E25630FFE2B0}.Debug|Any CPU.Build.0 = Debug|Any CPU
		{542C1241-0070-4E51-9352-E25630FFE2B0}.Release|Any CPU.ActiveCfg = Release|Any CPU
		{542C1241-0070-4E51-9352-E25630FFE2B0}.Release|Any CPU.Build.0 = Release|Any CPU
	EndGlobalSection
	GlobalSection(SolutionProperties) = preSolution
		HideSolutionNode = FALSE
	EndGlobalSection
	GlobalSection(ExtensibilityGlobals) = postSolution
		SolutionGuid = {533A9B6F-CDA5-4647-816C-9F3F8913B291}
	EndGlobalSection
EndGlobal
